
Microsoft Visual Studio Solution File, Format Version 11.00
# Visual Studio 2010
Project("{FAE04EC0-301F-11D3-BF4B-00C04F79EFBC}") = "Trx", "Framework\Trx.csproj", "{CFDCCA9A-3D3F-4404-BC80-08A1EEF045B9}"
EndProject
Project("{FAE04EC0-301F-11D3-BF4B-00C04F79EFBC}") = "Tests", "Tests\Tests.csproj", "{E874A17F-3EA2-490D-BD3E-2CA0177E24C5}"
EndProject
Project("{FAE04EC0-301F-11D3-BF4B-00C04F79EFBC}") = "TrxBootstrap", "TrxBootstrap\TrxBootstrap.csproj", "{21067988-F9D2-440F-B7A1-4513EC0F40F8}"
EndProject
Project("{FAE04EC0-301F-11D3-BF4B-00C04F79EFBC}") = "Trx.Legacy", "Legacy\Trx.Legacy.csproj", "{8F954B9B-1CFC-4C13-ABC8-E74249839AD9}"
EndProject
Project("{FAE04EC0-301F-11D3-BF4B-00C04F79EFBC}") = "Trx.Oracle", "Oracle\Trx.Oracle.csproj", "{08ECEF3D-C8DF-4B38-8918-D09DA9E40B5A}"
EndProject
Global
	GlobalSection(SolutionConfigurationPlatforms) = preSolution
		Debug|Any CPU = Debug|Any CPU
		Debug|Mixed Platforms = Debug|Mixed Platforms
		Debug|x86 = Debug|x86
		Release|Any CPU = Release|Any CPU
		Release|Mixed Platforms = Release|Mixed Platforms
		Release|x86 = Release|x86
	EndGlobalSection
	GlobalSection(ProjectConfigurationPlatforms) = postSolution
		{CFDCCA9A-3D3F-4404-BC80-08A1EEF045B9}.Debug|Any CPU.ActiveCfg = Debug|Any CPU
		{CFDCCA9A-3D3F-4404-BC80-08A1EEF045B9}.Debug|Any CPU.Build.0 = Debug|Any CPU
		{CFDCCA9A-3D3F-4404-BC80-08A1EEF045B9}.Debug|Mixed Platforms.ActiveCfg = Debug|Any CPU
		{CFDCCA9A-3D3F-4404-BC80-08A1EEF045B9}.Debug|Mixed Platforms.Build.0 = Debug|Any CPU
		{CFDCCA9A-3D3F-4404-BC80-08A1EEF045B9}.Debug|x86.ActiveCfg = Debug|Any CPU
		{CFDCCA9A-3D3F-4404-BC80-08A1EEF045B9}.Release|Any CPU.ActiveCfg = Release|Any CPU
		{CFDCCA9A-3D3F-4404-BC80-08A1EEF045B9}.Release|Any CPU.Build.0 = Release|Any CPU
		{CFDCCA9A-3D3F-4404-BC80-08A1EEF045B9}.Release|Mixed Platforms.ActiveCfg = Release|Any CPU
		{CFDCCA9A-3D3F-4404-BC80-08A1EEF045B9}.Release|Mixed Platforms.Build.0 = Release|Any CPU
		{CFDCCA9A-3D3F-4404-BC80-08A1EEF045B9}.Release|x86.ActiveCfg = Release|Any CPU
		{E874A17F-3EA2-490D-BD3E-2CA0177E24C5}.Debug|Any CPU.ActiveCfg = Debug|Any CPU
		{E874A17F-3EA2-490D-BD3E-2CA0177E24C5}.Debug|Any CPU.Build.0 = Debug|Any CPU
		{E874A17F-3EA2-490D-BD3E-2CA0177E24C5}.Debug|Mixed Platforms.ActiveCfg = Debug|Any CPU
		{E874A17F-3EA2-490D-BD3E-2CA0177E24C5}.Debug|Mixed Platforms.Build.0 = Debug|Any CPU
		{E874A17F-3EA2-490D-BD3E-2CA0177E24C5}.Debug|x86.ActiveCfg = Debug|Any CPU
		{E874A17F-3EA2-490D-BD3E-2CA0177E24C5}.Release|Any CPU.ActiveCfg = Release|Any CPU
		{E874A17F-3EA2-490D-BD3E-2CA0177E24C5}.Release|Any CPU.Build.0 = Release|Any CPU
		{E874A17F-3EA2-490D-BD3E-2CA0177E24C5}.Release|Mixed Platforms.ActiveCfg = Release|Any CPU
		{E874A17F-3EA2-490D-BD3E-2CA0177E24C5}.Release|Mixed Platforms.Build.0 = Release|Any CPU
		{E874A17F-3EA2-490D-BD3E-2CA0177E24C5}.Release|x86.ActiveCfg = Release|Any CPU
		{21067988-F9D2-440F-B7A1-4513EC0F40F8}.Debug|Any CPU.ActiveCfg = Debug|x86
		{21067988-F9D2-440F-B7A1-4513EC0F40F8}.Debug|Mixed Platforms.ActiveCfg = Debug|x86
		{21067988-F9D2-440F-B7A1-4513EC0F40F8}.Debug|Mixed Platforms.Build.0 = Debug|x86
		{21067988-F9D2-440F-B7A1-4513EC0F40F8}.Debug|x86.ActiveCfg = Debug|x86
		{21067988-F9D2-440F-B7A1-4513EC0F40F8}.Debug|x86.Build.0 = Debug|x86
		{21067988-F9D2-440F-B7A1-4513EC0F40F8}.Release|Any CPU.ActiveCfg = Release|x86
		{21067988-F9D2-440F-B7A1-4513EC0F40F8}.Release|Mixed Platforms.ActiveCfg = Release|x86
		{21067988-F9D2-440F-B7A1-4513EC0F40F8}.Release|Mixed Platforms.Build.0 = Release|x86
		{21067988-F9D2-440F-B7A1-4513EC0F40F8}.Release|x86.ActiveCfg = Release|x86
		{21067988-F9D2-440F-B7A1-4513EC0F40F8}.Release|x86.Build.0 = Release|x86
		{8F954B9B-1CFC-4C13-ABC8-E74249839AD9}.Debug|Any CPU.ActiveCfg = Debug|Any CPU
		{8F954B9B-1CFC-4C13-ABC8-E74249839AD9}.Debug|Any CPU.Build.0 = Debug|Any CPU
		{8F954B9B-1CFC-4C13-ABC8-E74249839AD9}.Debug|Mixed Platforms.ActiveCfg = Debug|Any CPU
		{8F954B9B-1CFC-4C13-ABC8-E74249839AD9}.Debug|Mixed Platforms.Build.0 = Debug|Any CPU
		{8F954B9B-1CFC-4C13-ABC8-E74249839AD9}.Debug|x86.ActiveCfg = Debug|Any CPU
		{8F954B9B-1CFC-4C13-ABC8-E74249839AD9}.Release|Any CPU.ActiveCfg = Release|Any CPU
		{8F954B9B-1CFC-4C13-ABC8-E74249839AD9}.Release|Any CPU.Build.0 = Release|Any CPU
		{8F954B9B-1CFC-4C13-ABC8-E74249839AD9}.Release|Mixed Platforms.ActiveCfg = Release|Any CPU
		{8F954B9B-1CFC-4C13-ABC8-E74249839AD9}.Release|Mixed Platforms.Build.0 = Release|Any CPU
		{8F954B9B-1CFC-4C13-ABC8-E74249839AD9}.Release|x86.ActiveCfg = Release|Any CPU
		{08ECEF3D-C8DF-4B38-8918-D09DA9E40B5A}.Debug|Any CPU.ActiveCfg = Debug|Any CPU
		{08ECEF3D-C8DF-4B38-8918-D09DA9E40B5A}.Debug|Any CPU.Build.0 = Debug|Any CPU
		{08ECEF3D-C8DF-4B38-8918-D09DA9E40B5A}.Debug|Mixed Platforms.ActiveCfg = Debug|Any CPU
		{08ECEF3D-C8DF-4B38-8918-D09DA9E40B5A}.Debug|Mixed Platforms.Build.0 = Debug|Any CPU
		{08ECEF3D-C8DF-4B38-8918-D09DA9E40B5A}.Debug|x86.ActiveCfg = Debug|Any CPU
		{08ECEF3D-C8DF-4B38-8918-D09DA9E40B5A}.Release|Any CPU.ActiveCfg = Release|Any CPU
		{08ECEF3D-C8DF-4B38-8918-D09DA9E40B5A}.Release|Any CPU.Build.0 = Release|Any CPU
		{08ECEF3D-C8DF-4B38-8918-D09DA9E40B5A}.Release|Mixed Platforms.ActiveCfg = Release|Any CPU
		{08ECEF3D-C8DF-4B38-8918-D09DA9E40B5A}.Release|Mixed Platforms.Build.0 = Release|Any CPU
		{08ECEF3D-C8DF-4B38-8918-D09DA9E40B5A}.Release|x86.ActiveCfg = Release|Any CPU
	EndGlobalSection
	GlobalSection(SolutionProperties) = preSolution
		HideSolutionNode = FALSE
	EndGlobalSection
EndGlobal
